<?xml version="1.0" encoding="UTF-8" standalone="yes" ?>
<CodeBlocks_project_file>
	<FileVersion major="1" minor="6" />
	<Project>
		<Option title="CarlSim" />
		<Option pch_mode="2" />
		<Option compiler="gcc" />
		<Build>
			<Target title="Debug">
				<Option output="Debug/libCarlSim_debug.a" prefix_auto="0" extension_auto="0" />
				<Option object_output="obj/Debug" />
				<Option type="2" />
				<Option compiler="gcc" />
				<Compiler>
					<Add option="-g" />
					<Add option="-D_DEBUG" />
					<Add option="-DCARLSIM_EXPORTS" />
					<Add directory="/usr/local/cuda/include" />
					<Add directory="/home/ubuntu/NVIDIA_CUDA-6.0_Samples/common/inc" />
				</Compiler>
				<Linker>
					<Add library="dl" />
					<Add library="cudart" />
				</Linker>
			</Target>
			<Target title="Release">
				<Option output="Release/libCarlSim.a" prefix_auto="0" extension_auto="0" />
				<Option object_output="obj/Release" />
				<Option type="2" />
				<Option compiler="gcc" />
				<Compiler>
					<Add option="-O2" />
					<Add option="-DNDEBUG" />
					<Add option="-DCARLSIM_EXPORTS" />
					<Add directory="/usr/local/cuda/include" />
					<Add directory="/home/ubuntu/NVIDIA_CUDA-6.0_Samples/common/inc" />
				</Compiler>
				<Linker>
					<Add option="-s" />
					<Add library="dl" />
					<Add library="cudart" />
				</Linker>
			</Target>
		</Build>
		<Unit filename="../src/config.h">
		</Unit>
		<Unit filename="../src/CUDAVersionControl.h">
		</Unit>
		<Unit filename="../src/errorCode.h">
		</Unit>
		<Unit filename="../src/gpu.h">
		</Unit>
		<Unit filename="../src/gpu_random.cu">
		</Unit>
		<Unit filename="../src/gpu_random.h">
		</Unit>
		<Unit filename="../src/mtrand.cpp">
		</Unit>
		<Unit filename="../src/mtrand.h">
		</Unit>
		<Unit filename="../src/printSNNInfo.cpp">
		</Unit>
		<Unit filename="../src/PropagatedSpikeBuffer.cpp">
		</Unit>
		<Unit filename="../src/PropagatedSpikeBuffer.h">
		</Unit>
		<Unit filename="../src/snn.h">
		</Unit>
		<Unit filename="../src/snn_cpu.cpp">
		</Unit>
		<Unit filename="../src/snn_gpu.cu">
		</Unit>
		<Unit filename="../src/v1ColorME.2.1.cu">
		</Unit>
		<Extensions />
	</Project>
</CodeBlocks_project_file>

